
Microsoft Visual Studio Solution File, Format Version 12.00
# Visual Studio Version 17
VisualStudioVersion = 17.9.34723.18
MinimumVisualStudioVersion = 10.0.40219.1
Project("{9A19103F-16F7-4668-BE54-9A1E7A4F7556}") = "MovieApp.ENTITY", "MovieApp.ENTITY\MovieApp.ENTITY.csproj", "{86C7501C-DBE9-4746-A29B-1BCA79B9114A}"
EndProject
Project("{9A19103F-16F7-4668-BE54-9A1E7A4F7556}") = "MovieApp.DATA", "MovieApp.DATA\MovieApp.DATA.csproj", "{5D97EAB8-A559-45BE-9339-DE400F0EA241}"
EndProject
Project("{FAE04EC0-301F-11D3-BF4B-00C04F79EFBC}") = "MovieApp.WEBUI", "MovieApp.WEBUI\MovieApp.WEBUI.csproj", "{DC680547-6A99-4C4E-AFA5-918FD7C99534}"
EndProject
Global
	GlobalSection(SolutionConfigurationPlatforms) = preSolution
		Debug|Any CPU = Debug|Any CPU
		Release|Any CPU = Release|Any CPU
	EndGlobalSection
	GlobalSection(ProjectConfigurationPlatforms) = postSolution
		{86C7501C-DBE9-4746-A29B-1BCA79B9114A}.Debug|Any CPU.ActiveCfg = Debug|Any CPU
		{86C7501C-DBE9-4746-A29B-1BCA79B9114A}.Debug|Any CPU.Build.0 = Debug|Any CPU
		{86C7501C-DBE9-4746-A29B-1BCA79B9114A}.Release|Any CPU.ActiveCfg = Release|Any CPU
		{86C7501C-DBE9-4746-A29B-1BCA79B9114A}.Release|Any CPU.Build.0 = Release|Any CPU
		{5D97EAB8-A559-45BE-9339-DE400F0EA241}.Debug|Any CPU.ActiveCfg = Debug|Any CPU
		{5D97EAB8-A559-45BE-9339-DE400F0EA241}.Debug|Any CPU.Build.0 = Debug|Any CPU
		{5D97EAB8-A559-45BE-9339-DE400F0EA241}.Release|Any CPU.ActiveCfg = Release|Any CPU
		{5D97EAB8-A559-45BE-9339-DE400F0EA241}.Release|Any CPU.Build.0 = Release|Any CPU
		{DC680547-6A99-4C4E-AFA5-918FD7C99534}.Debug|Any CPU.ActiveCfg = Debug|Any CPU
		{DC680547-6A99-4C4E-AFA5-918FD7C99534}.Debug|Any CPU.Build.0 = Debug|Any CPU
		{DC680547-6A99-4C4E-AFA5-918FD7C99534}.Release|Any CPU.ActiveCfg = Release|Any CPU
		{DC680547-6A99-4C4E-AFA5-918FD7C99534}.Release|Any CPU.Build.0 = Release|Any CPU
	EndGlobalSection
	GlobalSection(SolutionProperties) = preSolution
		HideSolutionNode = FALSE
	EndGlobalSection
	GlobalSection(ExtensibilityGlobals) = postSolution
		SolutionGuid = {1B793EAC-11EE-48EC-AB7F-1465E8DE9F1C}
	EndGlobalSection
EndGlobal
